// !$*UTF8*$!
{
	archiveVersion = 1;
	classes = {
	};
	objectVersion = 56;
	objects = {

/* Begin PBXBuildFile section */
		4D02B2D92ABD69AA0032F011 /* RemindMeApp.swift in Sources */ = {isa = PBXBuildFile; fileRef = 4D02B2D82ABD69AA0032F011 /* RemindMeApp.swift */; };
		4D02B2DB2ABD69AA0032F011 /* ContentView.swift in Sources */ = {isa = PBXBuildFile; fileRef = 4D02B2DA2ABD69AA0032F011 /* ContentView.swift */; };
		4D02B2DD2ABD69AC0032F011 /* Assets.xcassets in Resources */ = {isa = PBXBuildFile; fileRef = 4D02B2DC2ABD69AC0032F011 /* Assets.xcassets */; };
		4D02B2E02ABD69AC0032F011 /* Preview Assets.xcassets in Resources */ = {isa = PBXBuildFile; fileRef = 4D02B2DF2ABD69AC0032F011 /* Preview Assets.xcassets */; };
		4D02B2EA2ABD69AC0032F011 /* StudentPersistenceManagerTests.swift in Sources */ = {isa = PBXBuildFile; fileRef = 4D02B2E92ABD69AC0032F011 /* StudentPersistenceManagerTests.swift */; };
		4D02B2F42ABD69AC0032F011 /* RemindMeUITests.swift in Sources */ = {isa = PBXBuildFile; fileRef = 4D02B2F32ABD69AC0032F011 /* RemindMeUITests.swift */; };
		4D02B2F62ABD69AC0032F011 /* RemindMeUITestsLaunchTests.swift in Sources */ = {isa = PBXBuildFile; fileRef = 4D02B2F52ABD69AC0032F011 /* RemindMeUITestsLaunchTests.swift */; };
		4D02B3072ABD6A830032F011 /* RemindMeProtocol.swift in Sources */ = {isa = PBXBuildFile; fileRef = 4D02B3062ABD6A830032F011 /* RemindMeProtocol.swift */; };
		4D02B30C2ABD6E370032F011 /* Resolver in Frameworks */ = {isa = PBXBuildFile; productRef = 4D02B30B2ABD6E370032F011 /* Resolver */; };
		4D02B30F2ABD6E9C0032F011 /* RepeatIntervals.swift in Sources */ = {isa = PBXBuildFile; fileRef = 4D02B30E2ABD6E9C0032F011 /* RepeatIntervals.swift */; };
		4D09335D2ACD498E00539DA9 /* PillShapedButton.swift in Sources */ = {isa = PBXBuildFile; fileRef = 4D09335C2ACD498E00539DA9 /* PillShapedButton.swift */; };
		4D0DC8892AD3E7E200DDC5EC /* UpdateStudentView.swift in Sources */ = {isa = PBXBuildFile; fileRef = 4D0DC8882AD3E7E200DDC5EC /* UpdateStudentView.swift */; };
		4D0DC88B2AD3E82700DDC5EC /* UpdateStudentViewModel.swift in Sources */ = {isa = PBXBuildFile; fileRef = 4D0DC88A2AD3E82700DDC5EC /* UpdateStudentViewModel.swift */; };
		4D2B206A2AD527670045760C /* ContainerBuilder.swift in Sources */ = {isa = PBXBuildFile; fileRef = 4DFAD0242ACDCBED00C78561 /* ContainerBuilder.swift */; };
		4D2B206B2AD5276B0045760C /* Resolver.swift in Sources */ = {isa = PBXBuildFile; fileRef = 4DFAD0262ACDCC4300C78561 /* Resolver.swift */; };
		4D2B206C2AD5276F0045760C /* Inject.swift in Sources */ = {isa = PBXBuildFile; fileRef = 4DFE0E9F2ACE876B002BF525 /* Inject.swift */; };
		4D2B206D2AD5278A0045760C /* ReminderModel.swift in Sources */ = {isa = PBXBuildFile; fileRef = 4D76E22D2ACBEFFE009BAC93 /* ReminderModel.swift */; };
		4D2B206E2AD5278C0045760C /* StudentModel.swift in Sources */ = {isa = PBXBuildFile; fileRef = 4DFE0EA92ACEC08D002BF525 /* StudentModel.swift */; };
		4D2B206F2AD527900045760C /* SchoolModel.swift in Sources */ = {isa = PBXBuildFile; fileRef = 4D383A262ACEC59200E0B99A /* SchoolModel.swift */; };
		4D2B20702AD527950045760C /* IntervalItem.swift in Sources */ = {isa = PBXBuildFile; fileRef = 4DBF52C72ACC33E100F0CADF /* IntervalItem.swift */; };
		4D2B20712AD527980045760C /* IntervalSection.swift in Sources */ = {isa = PBXBuildFile; fileRef = 4DBF52C52ACC2E3A00F0CADF /* IntervalSection.swift */; };
		4D2B20722AD5279E0045760C /* BasePersistenceManager.swift in Sources */ = {isa = PBXBuildFile; fileRef = 4DFAD01D2ACDC23700C78561 /* BasePersistenceManager.swift */; };
		4D2B20732AD527A10045760C /* ReminderPersistenceManager.swift in Sources */ = {isa = PBXBuildFile; fileRef = 4DFAD0202ACDC75600C78561 /* ReminderPersistenceManager.swift */; };
		4D2B20742AD527A40045760C /* StudentPersistenceManager.swift in Sources */ = {isa = PBXBuildFile; fileRef = 4DFE0EAB2ACEC13E002BF525 /* StudentPersistenceManager.swift */; };
		4D2B20752AD527A70045760C /* SchoolPersistenceManager.swift in Sources */ = {isa = PBXBuildFile; fileRef = 4D383A2A2ACEC66C00E0B99A /* SchoolPersistenceManager.swift */; };
		4D2B20762AD527B00045760C /* BaseViewModel.swift in Sources */ = {isa = PBXBuildFile; fileRef = 4DFE0EA32ACEBE1C002BF525 /* BaseViewModel.swift */; };
		4D2B20772AD527B40045760C /* UpdateStudentViewModel.swift in Sources */ = {isa = PBXBuildFile; fileRef = 4D0DC88A2AD3E82700DDC5EC /* UpdateStudentViewModel.swift */; };
		4D2B20782AD527B80045760C /* InsertReminderViewModel.swift in Sources */ = {isa = PBXBuildFile; fileRef = 4DBF52C32ACC297500F0CADF /* InsertReminderViewModel.swift */; };
		4D2B20792AD527BC0045760C /* InsertStudentViewModel.swift in Sources */ = {isa = PBXBuildFile; fileRef = 4DFE0EA72ACEC031002BF525 /* InsertStudentViewModel.swift */; };
		4D2B207A2AD527BF0045760C /* InsertSchoolViewModel.swift in Sources */ = {isa = PBXBuildFile; fileRef = 4D383A282ACEC63C00E0B99A /* InsertSchoolViewModel.swift */; };
		4D2B207B2AD527C30045760C /* ListReminderViewModel.swift in Sources */ = {isa = PBXBuildFile; fileRef = 4D3373812ACD9C0E009F1DB1 /* ListReminderViewModel.swift */; };
		4D2B207C2AD527C60045760C /* ListStudentViewModel.swift in Sources */ = {isa = PBXBuildFile; fileRef = 4DFE0EB22ACEC38F002BF525 /* ListStudentViewModel.swift */; };
		4D2B207D2AD527C90045760C /* ListSchoolViewModel.swift in Sources */ = {isa = PBXBuildFile; fileRef = 4D383A242ACEC57C00E0B99A /* ListSchoolViewModel.swift */; };
		4D2B207E2AD528180045760C /* PersistentProtocol.swift in Sources */ = {isa = PBXBuildFile; fileRef = 4D33737D2ACD92F5009F1DB1 /* PersistentProtocol.swift */; };
		4D2B207F2AD5281F0045760C /* RepeatIntervals.swift in Sources */ = {isa = PBXBuildFile; fileRef = 4D02B30E2ABD6E9C0032F011 /* RepeatIntervals.swift */; };
		4D2B20802AD5282A0045760C /* IntervalProtocol.swift in Sources */ = {isa = PBXBuildFile; fileRef = 4DBF52B42ACC1C1D00F0CADF /* IntervalProtocol.swift */; };
		4D2B20812AD528490045760C /* PersistenceError.swift in Sources */ = {isa = PBXBuildFile; fileRef = 4D3373772ACD5E94009F1DB1 /* PersistenceError.swift */; };
		4D2B20822AD5285B0045760C /* DailyInterval.swift in Sources */ = {isa = PBXBuildFile; fileRef = 4DBF52B82ACC1CEF00F0CADF /* DailyInterval.swift */; };
		4D2B20832AD5286E0045760C /* MonthlyInterval.swift in Sources */ = {isa = PBXBuildFile; fileRef = 4DBF52B62ACC1CE300F0CADF /* MonthlyInterval.swift */; };
		4D2B20842AD528740045760C /* OnceInterval.swift in Sources */ = {isa = PBXBuildFile; fileRef = 4DBF52C92ACC3DCE00F0CADF /* OnceInterval.swift */; };
		4D3373782ACD5E94009F1DB1 /* PersistenceError.swift in Sources */ = {isa = PBXBuildFile; fileRef = 4D3373772ACD5E94009F1DB1 /* PersistenceError.swift */; };
		4D33737E2ACD92F6009F1DB1 /* PersistentProtocol.swift in Sources */ = {isa = PBXBuildFile; fileRef = 4D33737D2ACD92F5009F1DB1 /* PersistentProtocol.swift */; };
		4D3373802ACD9BFC009F1DB1 /* ListReminderView.swift in Sources */ = {isa = PBXBuildFile; fileRef = 4D33737F2ACD9BFC009F1DB1 /* ListReminderView.swift */; };
		4D3373822ACD9C0E009F1DB1 /* ListReminderViewModel.swift in Sources */ = {isa = PBXBuildFile; fileRef = 4D3373812ACD9C0E009F1DB1 /* ListReminderViewModel.swift */; };
		4D383A252ACEC57C00E0B99A /* ListSchoolViewModel.swift in Sources */ = {isa = PBXBuildFile; fileRef = 4D383A242ACEC57C00E0B99A /* ListSchoolViewModel.swift */; };
		4D383A272ACEC59200E0B99A /* SchoolModel.swift in Sources */ = {isa = PBXBuildFile; fileRef = 4D383A262ACEC59200E0B99A /* SchoolModel.swift */; };
		4D383A292ACEC63C00E0B99A /* InsertSchoolViewModel.swift in Sources */ = {isa = PBXBuildFile; fileRef = 4D383A282ACEC63C00E0B99A /* InsertSchoolViewModel.swift */; };
		4D383A2B2ACEC66C00E0B99A /* SchoolPersistenceManager.swift in Sources */ = {isa = PBXBuildFile; fileRef = 4D383A2A2ACEC66C00E0B99A /* SchoolPersistenceManager.swift */; };
		4D76E22E2ACBEFFE009BAC93 /* ReminderModel.swift in Sources */ = {isa = PBXBuildFile; fileRef = 4D76E22D2ACBEFFE009BAC93 /* ReminderModel.swift */; };
		4DBF52B52ACC1C1D00F0CADF /* IntervalProtocol.swift in Sources */ = {isa = PBXBuildFile; fileRef = 4DBF52B42ACC1C1D00F0CADF /* IntervalProtocol.swift */; };
		4DBF52B72ACC1CE300F0CADF /* MonthlyInterval.swift in Sources */ = {isa = PBXBuildFile; fileRef = 4DBF52B62ACC1CE300F0CADF /* MonthlyInterval.swift */; };
		4DBF52B92ACC1CEF00F0CADF /* DailyInterval.swift in Sources */ = {isa = PBXBuildFile; fileRef = 4DBF52B82ACC1CEF00F0CADF /* DailyInterval.swift */; };
		4DBF52BB2ACC1F4F00F0CADF /* EventError.swift in Sources */ = {isa = PBXBuildFile; fileRef = 4DBF52BA2ACC1F4F00F0CADF /* EventError.swift */; };
		4DBF52BD2ACC208E00F0CADF /* Date+.swift in Sources */ = {isa = PBXBuildFile; fileRef = 4DBF52BC2ACC208E00F0CADF /* Date+.swift */; };
		4DBF52BF2ACC265600F0CADF /* InsertReminderView.swift in Sources */ = {isa = PBXBuildFile; fileRef = 4DBF52BE2ACC265600F0CADF /* InsertReminderView.swift */; };
		4DBF52C42ACC297500F0CADF /* InsertReminderViewModel.swift in Sources */ = {isa = PBXBuildFile; fileRef = 4DBF52C32ACC297500F0CADF /* InsertReminderViewModel.swift */; };
		4DBF52C62ACC2E3A00F0CADF /* IntervalSection.swift in Sources */ = {isa = PBXBuildFile; fileRef = 4DBF52C52ACC2E3A00F0CADF /* IntervalSection.swift */; };
		4DBF52C82ACC33E100F0CADF /* IntervalItem.swift in Sources */ = {isa = PBXBuildFile; fileRef = 4DBF52C72ACC33E100F0CADF /* IntervalItem.swift */; };
		4DBF52CA2ACC3DCE00F0CADF /* OnceInterval.swift in Sources */ = {isa = PBXBuildFile; fileRef = 4DBF52C92ACC3DCE00F0CADF /* OnceInterval.swift */; };
		4DBF52CC2ACC40A500F0CADF /* IntervalItemSelectionView.swift in Sources */ = {isa = PBXBuildFile; fileRef = 4DBF52CB2ACC40A500F0CADF /* IntervalItemSelectionView.swift */; };
		4DC153EE2ACC0A7300DFC063 /* ReminderStatsView.swift in Sources */ = {isa = PBXBuildFile; fileRef = 4DC153ED2ACC0A7300DFC063 /* ReminderStatsView.swift */; };
		4DC153F12ACC0AA100DFC063 /* Color+.swift in Sources */ = {isa = PBXBuildFile; fileRef = 4DC153F02ACC0AA100DFC063 /* Color+.swift */; };
		4DDCA6D02ACFDEE900FE9148 /* ListSchoolView.swift in Sources */ = {isa = PBXBuildFile; fileRef = 4DDCA6CF2ACFDEE900FE9148 /* ListSchoolView.swift */; };
		4DDCA6D22ACFDEFC00FE9148 /* InsertSchoolView.swift in Sources */ = {isa = PBXBuildFile; fileRef = 4DDCA6D12ACFDEFC00FE9148 /* InsertSchoolView.swift */; };
		4DDE30EE2ACFFA6C00198FE0 /* String+.swift in Sources */ = {isa = PBXBuildFile; fileRef = 4DDE30ED2ACFFA6C00198FE0 /* String+.swift */; };
		4DFAD01E2ACDC23700C78561 /* BasePersistenceManager.swift in Sources */ = {isa = PBXBuildFile; fileRef = 4DFAD01D2ACDC23700C78561 /* BasePersistenceManager.swift */; };
		4DFAD0212ACDC75600C78561 /* ReminderPersistenceManager.swift in Sources */ = {isa = PBXBuildFile; fileRef = 4DFAD0202ACDC75600C78561 /* ReminderPersistenceManager.swift */; };
		4DFAD0252ACDCBED00C78561 /* ContainerBuilder.swift in Sources */ = {isa = PBXBuildFile; fileRef = 4DFAD0242ACDCBED00C78561 /* ContainerBuilder.swift */; };
		4DFAD0272ACDCC4300C78561 /* Resolver.swift in Sources */ = {isa = PBXBuildFile; fileRef = 4DFAD0262ACDCC4300C78561 /* Resolver.swift */; };
		4DFE0EA02ACE876B002BF525 /* Inject.swift in Sources */ = {isa = PBXBuildFile; fileRef = 4DFE0E9F2ACE876B002BF525 /* Inject.swift */; };
		4DFE0EA22ACE8796002BF525 /* Swinject in Frameworks */ = {isa = PBXBuildFile; productRef = 4DFE0EA12ACE8796002BF525 /* Swinject */; };
		4DFE0EA42ACEBE1C002BF525 /* BaseViewModel.swift in Sources */ = {isa = PBXBuildFile; fileRef = 4DFE0EA32ACEBE1C002BF525 /* BaseViewModel.swift */; };
		4DFE0EA62ACEBFE2002BF525 /* InsertStudentView.swift in Sources */ = {isa = PBXBuildFile; fileRef = 4DFE0EA52ACEBFE2002BF525 /* InsertStudentView.swift */; };
		4DFE0EA82ACEC031002BF525 /* InsertStudentViewModel.swift in Sources */ = {isa = PBXBuildFile; fileRef = 4DFE0EA72ACEC031002BF525 /* InsertStudentViewModel.swift */; };
		4DFE0EAA2ACEC08D002BF525 /* StudentModel.swift in Sources */ = {isa = PBXBuildFile; fileRef = 4DFE0EA92ACEC08D002BF525 /* StudentModel.swift */; };
		4DFE0EAC2ACEC13E002BF525 /* StudentPersistenceManager.swift in Sources */ = {isa = PBXBuildFile; fileRef = 4DFE0EAB2ACEC13E002BF525 /* StudentPersistenceManager.swift */; };
		4DFE0EAF2ACEC24A002BF525 /* Constants.swift in Sources */ = {isa = PBXBuildFile; fileRef = 4DFE0EAE2ACEC24A002BF525 /* Constants.swift */; };
		4DFE0EB12ACEC363002BF525 /* ListStudentView.swift in Sources */ = {isa = PBXBuildFile; fileRef = 4DFE0EB02ACEC363002BF525 /* ListStudentView.swift */; };
		4DFE0EB32ACEC38F002BF525 /* ListStudentViewModel.swift in Sources */ = {isa = PBXBuildFile; fileRef = 4DFE0EB22ACEC38F002BF525 /* ListStudentViewModel.swift */; };
/* End PBXBuildFile section */

/* Begin PBXContainerItemProxy section */
		4D02B2E62ABD69AC0032F011 /* PBXContainerItemProxy */ = {
			isa = PBXContainerItemProxy;
			containerPortal = 4D02B2CD2ABD69AA0032F011 /* Project object */;
			proxyType = 1;
			remoteGlobalIDString = 4D02B2D42ABD69AA0032F011;
			remoteInfo = RemindMe;
		};
		4D02B2F02ABD69AC0032F011 /* PBXContainerItemProxy */ = {
			isa = PBXContainerItemProxy;
			containerPortal = 4D02B2CD2ABD69AA0032F011 /* Project object */;
			proxyType = 1;
			remoteGlobalIDString = 4D02B2D42ABD69AA0032F011;
			remoteInfo = RemindMe;
		};
/* End PBXContainerItemProxy section */

/* Begin PBXFileReference section */
		4D02B2D52ABD69AA0032F011 /* RemindMe.app */ = {isa = PBXFileReference; explicitFileType = wrapper.application; includeInIndex = 0; path = RemindMe.app; sourceTree = BUILT_PRODUCTS_DIR; };
		4D02B2D82ABD69AA0032F011 /* RemindMeApp.swift */ = {isa = PBXFileReference; lastKnownFileType = sourcecode.swift; path = RemindMeApp.swift; sourceTree = "<group>"; };
		4D02B2DA2ABD69AA0032F011 /* ContentView.swift */ = {isa = PBXFileReference; lastKnownFileType = sourcecode.swift; path = ContentView.swift; sourceTree = "<group>"; };
		4D02B2DC2ABD69AC0032F011 /* Assets.xcassets */ = {isa = PBXFileReference; lastKnownFileType = folder.assetcatalog; path = Assets.xcassets; sourceTree = "<group>"; };
		4D02B2DF2ABD69AC0032F011 /* Preview Assets.xcassets */ = {isa = PBXFileReference; lastKnownFileType = folder.assetcatalog; path = "Preview Assets.xcassets"; sourceTree = "<group>"; };
		4D02B2E52ABD69AC0032F011 /* RemindMeTests.xctest */ = {isa = PBXFileReference; explicitFileType = wrapper.cfbundle; includeInIndex = 0; path = RemindMeTests.xctest; sourceTree = BUILT_PRODUCTS_DIR; };
		4D02B2E92ABD69AC0032F011 /* StudentPersistenceManagerTests.swift */ = {isa = PBXFileReference; lastKnownFileType = sourcecode.swift; path = StudentPersistenceManagerTests.swift; sourceTree = "<group>"; };
		4D02B2EF2ABD69AC0032F011 /* RemindMeUITests.xctest */ = {isa = PBXFileReference; explicitFileType = wrapper.cfbundle; includeInIndex = 0; path = RemindMeUITests.xctest; sourceTree = BUILT_PRODUCTS_DIR; };
		4D02B2F32ABD69AC0032F011 /* RemindMeUITests.swift */ = {isa = PBXFileReference; lastKnownFileType = sourcecode.swift; path = RemindMeUITests.swift; sourceTree = "<group>"; };
		4D02B2F52ABD69AC0032F011 /* RemindMeUITestsLaunchTests.swift */ = {isa = PBXFileReference; lastKnownFileType = sourcecode.swift; path = RemindMeUITestsLaunchTests.swift; sourceTree = "<group>"; };
		4D02B3062ABD6A830032F011 /* RemindMeProtocol.swift */ = {isa = PBXFileReference; lastKnownFileType = sourcecode.swift; path = RemindMeProtocol.swift; sourceTree = "<group>"; };
		4D02B30E2ABD6E9C0032F011 /* RepeatIntervals.swift */ = {isa = PBXFileReference; lastKnownFileType = sourcecode.swift; path = RepeatIntervals.swift; sourceTree = "<group>"; };
		4D09335C2ACD498E00539DA9 /* PillShapedButton.swift */ = {isa = PBXFileReference; lastKnownFileType = sourcecode.swift; path = PillShapedButton.swift; sourceTree = "<group>"; };
		4D0DC8882AD3E7E200DDC5EC /* UpdateStudentView.swift */ = {isa = PBXFileReference; lastKnownFileType = sourcecode.swift; path = UpdateStudentView.swift; sourceTree = "<group>"; };
		4D0DC88A2AD3E82700DDC5EC /* UpdateStudentViewModel.swift */ = {isa = PBXFileReference; lastKnownFileType = sourcecode.swift; path = UpdateStudentViewModel.swift; sourceTree = "<group>"; };
		4D3373772ACD5E94009F1DB1 /* PersistenceError.swift */ = {isa = PBXFileReference; lastKnownFileType = sourcecode.swift; path = PersistenceError.swift; sourceTree = "<group>"; };
		4D33737D2ACD92F5009F1DB1 /* PersistentProtocol.swift */ = {isa = PBXFileReference; lastKnownFileType = sourcecode.swift; path = PersistentProtocol.swift; sourceTree = "<group>"; };
		4D33737F2ACD9BFC009F1DB1 /* ListReminderView.swift */ = {isa = PBXFileReference; lastKnownFileType = sourcecode.swift; path = ListReminderView.swift; sourceTree = "<group>"; };
		4D3373812ACD9C0E009F1DB1 /* ListReminderViewModel.swift */ = {isa = PBXFileReference; lastKnownFileType = sourcecode.swift; path = ListReminderViewModel.swift; sourceTree = "<group>"; };
		4D383A242ACEC57C00E0B99A /* ListSchoolViewModel.swift */ = {isa = PBXFileReference; lastKnownFileType = sourcecode.swift; path = ListSchoolViewModel.swift; sourceTree = "<group>"; };
		4D383A262ACEC59200E0B99A /* SchoolModel.swift */ = {isa = PBXFileReference; lastKnownFileType = sourcecode.swift; path = SchoolModel.swift; sourceTree = "<group>"; };
		4D383A282ACEC63C00E0B99A /* InsertSchoolViewModel.swift */ = {isa = PBXFileReference; lastKnownFileType = sourcecode.swift; path = InsertSchoolViewModel.swift; sourceTree = "<group>"; };
		4D383A2A2ACEC66C00E0B99A /* SchoolPersistenceManager.swift */ = {isa = PBXFileReference; lastKnownFileType = sourcecode.swift; path = SchoolPersistenceManager.swift; sourceTree = "<group>"; };
		4D76E22D2ACBEFFE009BAC93 /* ReminderModel.swift */ = {isa = PBXFileReference; lastKnownFileType = sourcecode.swift; path = ReminderModel.swift; sourceTree = "<group>"; };
		4DBF52B42ACC1C1D00F0CADF /* IntervalProtocol.swift */ = {isa = PBXFileReference; lastKnownFileType = sourcecode.swift; path = IntervalProtocol.swift; sourceTree = "<group>"; };
		4DBF52B62ACC1CE300F0CADF /* MonthlyInterval.swift */ = {isa = PBXFileReference; lastKnownFileType = sourcecode.swift; path = MonthlyInterval.swift; sourceTree = "<group>"; };
		4DBF52B82ACC1CEF00F0CADF /* DailyInterval.swift */ = {isa = PBXFileReference; lastKnownFileType = sourcecode.swift; path = DailyInterval.swift; sourceTree = "<group>"; };
		4DBF52BA2ACC1F4F00F0CADF /* EventError.swift */ = {isa = PBXFileReference; lastKnownFileType = sourcecode.swift; path = EventError.swift; sourceTree = "<group>"; };
		4DBF52BC2ACC208E00F0CADF /* Date+.swift */ = {isa = PBXFileReference; lastKnownFileType = sourcecode.swift; path = "Date+.swift"; sourceTree = "<group>"; };
		4DBF52BE2ACC265600F0CADF /* InsertReminderView.swift */ = {isa = PBXFileReference; lastKnownFileType = sourcecode.swift; path = InsertReminderView.swift; sourceTree = "<group>"; };
		4DBF52C32ACC297500F0CADF /* InsertReminderViewModel.swift */ = {isa = PBXFileReference; lastKnownFileType = sourcecode.swift; path = InsertReminderViewModel.swift; sourceTree = "<group>"; };
		4DBF52C52ACC2E3A00F0CADF /* IntervalSection.swift */ = {isa = PBXFileReference; lastKnownFileType = sourcecode.swift; path = IntervalSection.swift; sourceTree = "<group>"; };
		4DBF52C72ACC33E100F0CADF /* IntervalItem.swift */ = {isa = PBXFileReference; lastKnownFileType = sourcecode.swift; path = IntervalItem.swift; sourceTree = "<group>"; };
		4DBF52C92ACC3DCE00F0CADF /* OnceInterval.swift */ = {isa = PBXFileReference; lastKnownFileType = sourcecode.swift; path = OnceInterval.swift; sourceTree = "<group>"; };
		4DBF52CB2ACC40A500F0CADF /* IntervalItemSelectionView.swift */ = {isa = PBXFileReference; lastKnownFileType = sourcecode.swift; path = IntervalItemSelectionView.swift; sourceTree = "<group>"; };
		4DC153ED2ACC0A7300DFC063 /* ReminderStatsView.swift */ = {isa = PBXFileReference; lastKnownFileType = sourcecode.swift; path = ReminderStatsView.swift; sourceTree = "<group>"; };
		4DC153F02ACC0AA100DFC063 /* Color+.swift */ = {isa = PBXFileReference; lastKnownFileType = sourcecode.swift; path = "Color+.swift"; sourceTree = "<group>"; };
		4DDCA6CF2ACFDEE900FE9148 /* ListSchoolView.swift */ = {isa = PBXFileReference; lastKnownFileType = sourcecode.swift; path = ListSchoolView.swift; sourceTree = "<group>"; };
		4DDCA6D12ACFDEFC00FE9148 /* InsertSchoolView.swift */ = {isa = PBXFileReference; lastKnownFileType = sourcecode.swift; path = InsertSchoolView.swift; sourceTree = "<group>"; };
		4DDE30ED2ACFFA6C00198FE0 /* String+.swift */ = {isa = PBXFileReference; lastKnownFileType = sourcecode.swift; path = "String+.swift"; sourceTree = "<group>"; };
		4DFAD01D2ACDC23700C78561 /* BasePersistenceManager.swift */ = {isa = PBXFileReference; lastKnownFileType = sourcecode.swift; path = BasePersistenceManager.swift; sourceTree = "<group>"; };
		4DFAD0202ACDC75600C78561 /* ReminderPersistenceManager.swift */ = {isa = PBXFileReference; lastKnownFileType = sourcecode.swift; path = ReminderPersistenceManager.swift; sourceTree = "<group>"; };
		4DFAD0242ACDCBED00C78561 /* ContainerBuilder.swift */ = {isa = PBXFileReference; lastKnownFileType = sourcecode.swift; path = ContainerBuilder.swift; sourceTree = "<group>"; };
		4DFAD0262ACDCC4300C78561 /* Resolver.swift */ = {isa = PBXFileReference; lastKnownFileType = sourcecode.swift; path = Resolver.swift; sourceTree = "<group>"; };
		4DFE0E9F2ACE876B002BF525 /* Inject.swift */ = {isa = PBXFileReference; lastKnownFileType = sourcecode.swift; path = Inject.swift; sourceTree = "<group>"; };
		4DFE0EA32ACEBE1C002BF525 /* BaseViewModel.swift */ = {isa = PBXFileReference; lastKnownFileType = sourcecode.swift; path = BaseViewModel.swift; sourceTree = "<group>"; };
		4DFE0EA52ACEBFE2002BF525 /* InsertStudentView.swift */ = {isa = PBXFileReference; lastKnownFileType = sourcecode.swift; path = InsertStudentView.swift; sourceTree = "<group>"; };
		4DFE0EA72ACEC031002BF525 /* InsertStudentViewModel.swift */ = {isa = PBXFileReference; lastKnownFileType = sourcecode.swift; path = InsertStudentViewModel.swift; sourceTree = "<group>"; };
		4DFE0EA92ACEC08D002BF525 /* StudentModel.swift */ = {isa = PBXFileReference; lastKnownFileType = sourcecode.swift; path = StudentModel.swift; sourceTree = "<group>"; };
		4DFE0EAB2ACEC13E002BF525 /* StudentPersistenceManager.swift */ = {isa = PBXFileReference; lastKnownFileType = sourcecode.swift; path = StudentPersistenceManager.swift; sourceTree = "<group>"; };
		4DFE0EAE2ACEC24A002BF525 /* Constants.swift */ = {isa = PBXFileReference; lastKnownFileType = sourcecode.swift; path = Constants.swift; sourceTree = "<group>"; };
		4DFE0EB02ACEC363002BF525 /* ListStudentView.swift */ = {isa = PBXFileReference; lastKnownFileType = sourcecode.swift; path = ListStudentView.swift; sourceTree = "<group>"; };
		4DFE0EB22ACEC38F002BF525 /* ListStudentViewModel.swift */ = {isa = PBXFileReference; lastKnownFileType = sourcecode.swift; path = ListStudentViewModel.swift; sourceTree = "<group>"; };
/* End PBXFileReference section */

/* Begin PBXFrameworksBuildPhase section */
		4D02B2D22ABD69AA0032F011 /* Frameworks */ = {
			isa = PBXFrameworksBuildPhase;
			buildActionMask = 2147483647;
			files = (
				4D02B30C2ABD6E370032F011 /* Resolver in Frameworks */,
				4DFE0EA22ACE8796002BF525 /* Swinject in Frameworks */,
			);
			runOnlyForDeploymentPostprocessing = 0;
		};
		4D02B2E22ABD69AC0032F011 /* Frameworks */ = {
			isa = PBXFrameworksBuildPhase;
			buildActionMask = 2147483647;
			files = (
			);
			runOnlyForDeploymentPostprocessing = 0;
		};
		4D02B2EC2ABD69AC0032F011 /* Frameworks */ = {
			isa = PBXFrameworksBuildPhase;
			buildActionMask = 2147483647;
			files = (
			);
			runOnlyForDeploymentPostprocessing = 0;
		};
/* End PBXFrameworksBuildPhase section */

/* Begin PBXGroup section */
		4D02B2CC2ABD69AA0032F011 = {
			isa = PBXGroup;
			children = (
				4D02B2D72ABD69AA0032F011 /* RemindMe */,
				4D02B2E82ABD69AC0032F011 /* RemindMeTests */,
				4D02B2F22ABD69AC0032F011 /* RemindMeUITests */,
				4D02B2D62ABD69AA0032F011 /* Products */,
			);
			sourceTree = "<group>";
		};
		4D02B2D62ABD69AA0032F011 /* Products */ = {
			isa = PBXGroup;
			children = (
				4D02B2D52ABD69AA0032F011 /* RemindMe.app */,
				4D02B2E52ABD69AC0032F011 /* RemindMeTests.xctest */,
				4D02B2EF2ABD69AC0032F011 /* RemindMeUITests.xctest */,
			);
			name = Products;
			sourceTree = "<group>";
		};
		4D02B2D72ABD69AA0032F011 /* RemindMe */ = {
			isa = PBXGroup;
			children = (
				4D0933562ACD438600539DA9 /* constructs */,
				4DC153EC2ACC0A5800DFC063 /* app */,
				4D02B2D82ABD69AA0032F011 /* RemindMeApp.swift */,
				4D02B2DA2ABD69AA0032F011 /* ContentView.swift */,
				4D02B2DC2ABD69AC0032F011 /* Assets.xcassets */,
				4D02B2DE2ABD69AC0032F011 /* Preview Content */,
			);
			path = RemindMe;
			sourceTree = "<group>";
		};
		4D02B2DE2ABD69AC0032F011 /* Preview Content */ = {
			isa = PBXGroup;
			children = (
				4D02B2DF2ABD69AC0032F011 /* Preview Assets.xcassets */,
			);
			path = "Preview Content";
			sourceTree = "<group>";
		};
		4D02B2E82ABD69AC0032F011 /* RemindMeTests */ = {
			isa = PBXGroup;
			children = (
				4D02B2E92ABD69AC0032F011 /* StudentPersistenceManagerTests.swift */,
			);
			path = RemindMeTests;
			sourceTree = "<group>";
		};
		4D02B2F22ABD69AC0032F011 /* RemindMeUITests */ = {
			isa = PBXGroup;
			children = (
				4D02B2F32ABD69AC0032F011 /* RemindMeUITests.swift */,
				4D02B2F52ABD69AC0032F011 /* RemindMeUITestsLaunchTests.swift */,
			);
			path = RemindMeUITests;
			sourceTree = "<group>";
		};
		4D02B30D2ABD6E8D0032F011 /* enums */ = {
			isa = PBXGroup;
			children = (
				4D02B30E2ABD6E9C0032F011 /* RepeatIntervals.swift */,
				4DBF52B62ACC1CE300F0CADF /* MonthlyInterval.swift */,
				4DBF52B82ACC1CEF00F0CADF /* DailyInterval.swift */,
				4DBF52C92ACC3DCE00F0CADF /* OnceInterval.swift */,
				4DBF52BA2ACC1F4F00F0CADF /* EventError.swift */,
				4D3373772ACD5E94009F1DB1 /* PersistenceError.swift */,
			);
			path = enums;
			sourceTree = "<group>";
		};
		4D0933562ACD438600539DA9 /* constructs */ = {
			isa = PBXGroup;
			children = (
				4DFE0EAD2ACEC23C002BF525 /* constants */,
				4DC153EF2ACC0A8D00DFC063 /* extensions */,
				4D02B30D2ABD6E8D0032F011 /* enums */,
				4DBF52B32ACC1C0800F0CADF /* protocols */,
			);
			path = constructs;
			sourceTree = "<group>";
		};
		4D0933572ACD444300539DA9 /* viewModels */ = {
			isa = PBXGroup;
			children = (
				4DFE0EA32ACEBE1C002BF525 /* BaseViewModel.swift */,
				4D0DC88C2AD3E89700DDC5EC /* update */,
				4DFE0EB72ACEC4E9002BF525 /* insert */,
				4DFE0EB62ACEC4DC002BF525 /* list */,
			);
			path = viewModels;
			sourceTree = "<group>";
		};
		4D0933582ACD446B00539DA9 /* dataModels */ = {
			isa = PBXGroup;
			children = (
				4D09335A2ACD484F00539DA9 /* persistentModels */,
				4D0933592ACD451300539DA9 /* interval */,
			);
			path = dataModels;
			sourceTree = "<group>";
		};
		4D0933592ACD451300539DA9 /* interval */ = {
			isa = PBXGroup;
			children = (
				4DBF52C72ACC33E100F0CADF /* IntervalItem.swift */,
				4DBF52C52ACC2E3A00F0CADF /* IntervalSection.swift */,
			);
			path = interval;
			sourceTree = "<group>";
		};
		4D09335A2ACD484F00539DA9 /* persistentModels */ = {
			isa = PBXGroup;
			children = (
				4D76E22D2ACBEFFE009BAC93 /* ReminderModel.swift */,
				4DFE0EA92ACEC08D002BF525 /* StudentModel.swift */,
				4D383A262ACEC59200E0B99A /* SchoolModel.swift */,
			);
			path = persistentModels;
			sourceTree = "<group>";
		};
		4D09335B2ACD486C00539DA9 /* partialViews */ = {
			isa = PBXGroup;
			children = (
				4DC153ED2ACC0A7300DFC063 /* ReminderStatsView.swift */,
				4DBF52CB2ACC40A500F0CADF /* IntervalItemSelectionView.swift */,
				4D09335C2ACD498E00539DA9 /* PillShapedButton.swift */,
			);
			path = partialViews;
			sourceTree = "<group>";
		};
		4D0DC8872AD3E7CC00DDC5EC /* update */ = {
			isa = PBXGroup;
			children = (
				4D0DC8882AD3E7E200DDC5EC /* UpdateStudentView.swift */,
			);
			path = update;
			sourceTree = "<group>";
		};
		4D0DC88C2AD3E89700DDC5EC /* update */ = {
			isa = PBXGroup;
			children = (
				4D0DC88A2AD3E82700DDC5EC /* UpdateStudentViewModel.swift */,
			);
			path = update;
			sourceTree = "<group>";
		};
		4D0DC88D2AD3F5A300DDC5EC /* swiftData */ = {
			isa = PBXGroup;
			children = (
				4D0933582ACD446B00539DA9 /* dataModels */,
				4DFAD01F2ACDC74900C78561 /* managers */,
			);
			path = swiftData;
			sourceTree = "<group>";
		};
		4DBF52B32ACC1C0800F0CADF /* protocols */ = {
			isa = PBXGroup;
			children = (
				4D02B3062ABD6A830032F011 /* RemindMeProtocol.swift */,
				4DBF52B42ACC1C1D00F0CADF /* IntervalProtocol.swift */,
				4D33737D2ACD92F5009F1DB1 /* PersistentProtocol.swift */,
			);
			path = protocols;
			sourceTree = "<group>";
		};
		4DC153EB2ACC0A4D00DFC063 /* views */ = {
			isa = PBXGroup;
			children = (
				4D0DC8872AD3E7CC00DDC5EC /* update */,
				4DFE0EB52ACEC4CB002BF525 /* insert */,
				4DFE0EB42ACEC4B2002BF525 /* list */,
				4D09335B2ACD486C00539DA9 /* partialViews */,
			);
			path = views;
			sourceTree = "<group>";
		};
		4DC153EC2ACC0A5800DFC063 /* app */ = {
			isa = PBXGroup;
			children = (
				4D0DC88D2AD3F5A300DDC5EC /* swiftData */,
				4DFAD0232ACDCBDD00C78561 /* dependency */,
				4D0933572ACD444300539DA9 /* viewModels */,
				4DC153EB2ACC0A4D00DFC063 /* views */,
			);
			path = app;
			sourceTree = "<group>";
		};
		4DC153EF2ACC0A8D00DFC063 /* extensions */ = {
			isa = PBXGroup;
			children = (
				4DC153F02ACC0AA100DFC063 /* Color+.swift */,
				4DBF52BC2ACC208E00F0CADF /* Date+.swift */,
				4DDE30ED2ACFFA6C00198FE0 /* String+.swift */,
			);
			path = extensions;
			sourceTree = "<group>";
		};
		4DFAD01F2ACDC74900C78561 /* managers */ = {
			isa = PBXGroup;
			children = (
				4DFAD01D2ACDC23700C78561 /* BasePersistenceManager.swift */,
				4DFAD0202ACDC75600C78561 /* ReminderPersistenceManager.swift */,
				4DFE0EAB2ACEC13E002BF525 /* StudentPersistenceManager.swift */,
				4D383A2A2ACEC66C00E0B99A /* SchoolPersistenceManager.swift */,
			);
			path = managers;
			sourceTree = "<group>";
		};
		4DFAD0232ACDCBDD00C78561 /* dependency */ = {
			isa = PBXGroup;
			children = (
				4DFAD0242ACDCBED00C78561 /* ContainerBuilder.swift */,
				4DFAD0262ACDCC4300C78561 /* Resolver.swift */,
				4DFE0E9F2ACE876B002BF525 /* Inject.swift */,
			);
			path = dependency;
			sourceTree = "<group>";
		};
		4DFE0EAD2ACEC23C002BF525 /* constants */ = {
			isa = PBXGroup;
			children = (
				4DFE0EAE2ACEC24A002BF525 /* Constants.swift */,
			);
			path = constants;
			sourceTree = "<group>";
		};
		4DFE0EB42ACEC4B2002BF525 /* list */ = {
			isa = PBXGroup;
			children = (
				4D33737F2ACD9BFC009F1DB1 /* ListReminderView.swift */,
				4DFE0EB02ACEC363002BF525 /* ListStudentView.swift */,
				4DDCA6CF2ACFDEE900FE9148 /* ListSchoolView.swift */,
			);
			path = list;
			sourceTree = "<group>";
		};
		4DFE0EB52ACEC4CB002BF525 /* insert */ = {
			isa = PBXGroup;
			children = (
				4DBF52BE2ACC265600F0CADF /* InsertReminderView.swift */,
				4DFE0EA52ACEBFE2002BF525 /* InsertStudentView.swift */,
				4DDCA6D12ACFDEFC00FE9148 /* InsertSchoolView.swift */,
			);
			path = insert;
			sourceTree = "<group>";
		};
		4DFE0EB62ACEC4DC002BF525 /* list */ = {
			isa = PBXGroup;
			children = (
				4D3373812ACD9C0E009F1DB1 /* ListReminderViewModel.swift */,
				4DFE0EB22ACEC38F002BF525 /* ListStudentViewModel.swift */,
				4D383A242ACEC57C00E0B99A /* ListSchoolViewModel.swift */,
			);
			path = list;
			sourceTree = "<group>";
		};
		4DFE0EB72ACEC4E9002BF525 /* insert */ = {
			isa = PBXGroup;
			children = (
				4DBF52C32ACC297500F0CADF /* InsertReminderViewModel.swift */,
				4DFE0EA72ACEC031002BF525 /* InsertStudentViewModel.swift */,
				4D383A282ACEC63C00E0B99A /* InsertSchoolViewModel.swift */,
			);
			path = insert;
			sourceTree = "<group>";
		};
/* End PBXGroup section */

/* Begin PBXNativeTarget section */
		4D02B2D42ABD69AA0032F011 /* RemindMe */ = {
			isa = PBXNativeTarget;
			buildConfigurationList = 4D02B2F92ABD69AC0032F011 /* Build configuration list for PBXNativeTarget "RemindMe" */;
			buildPhases = (
				4D02B2D12ABD69AA0032F011 /* Sources */,
				4D02B2D22ABD69AA0032F011 /* Frameworks */,
				4D02B2D32ABD69AA0032F011 /* Resources */,
			);
			buildRules = (
			);
			dependencies = (
			);
			name = RemindMe;
			packageProductDependencies = (
				4D02B30B2ABD6E370032F011 /* Resolver */,
				4DFE0EA12ACE8796002BF525 /* Swinject */,
			);
			productName = RemindMe;
			productReference = 4D02B2D52ABD69AA0032F011 /* RemindMe.app */;
			productType = "com.apple.product-type.application";
		};
		4D02B2E42ABD69AC0032F011 /* RemindMeTests */ = {
			isa = PBXNativeTarget;
			buildConfigurationList = 4D02B2FC2ABD69AC0032F011 /* Build configuration list for PBXNativeTarget "RemindMeTests" */;
			buildPhases = (
				4D02B2E12ABD69AC0032F011 /* Sources */,
				4D02B2E22ABD69AC0032F011 /* Frameworks */,
				4D02B2E32ABD69AC0032F011 /* Resources */,
			);
			buildRules = (
			);
			dependencies = (
				4D02B2E72ABD69AC0032F011 /* PBXTargetDependency */,
			);
			name = RemindMeTests;
			productName = RemindMeTests;
			productReference = 4D02B2E52ABD69AC0032F011 /* RemindMeTests.xctest */;
			productType = "com.apple.product-type.bundle.unit-test";
		};
		4D02B2EE2ABD69AC0032F011 /* RemindMeUITests */ = {
			isa = PBXNativeTarget;
			buildConfigurationList = 4D02B2FF2ABD69AC0032F011 /* Build configuration list for PBXNativeTarget "RemindMeUITests" */;
			buildPhases = (
				4D02B2EB2ABD69AC0032F011 /* Sources */,
				4D02B2EC2ABD69AC0032F011 /* Frameworks */,
				4D02B2ED2ABD69AC0032F011 /* Resources */,
			);
			buildRules = (
			);
			dependencies = (
				4D02B2F12ABD69AC0032F011 /* PBXTargetDependency */,
			);
			name = RemindMeUITests;
			productName = RemindMeUITests;
			productReference = 4D02B2EF2ABD69AC0032F011 /* RemindMeUITests.xctest */;
			productType = "com.apple.product-type.bundle.ui-testing";
		};
/* End PBXNativeTarget section */

/* Begin PBXProject section */
		4D02B2CD2ABD69AA0032F011 /* Project object */ = {
			isa = PBXProject;
			attributes = {
				BuildIndependentTargetsInParallel = 1;
				LastSwiftUpdateCheck = 1430;
				LastUpgradeCheck = 1430;
				TargetAttributes = {
					4D02B2D42ABD69AA0032F011 = {
						CreatedOnToolsVersion = 14.3;
					};
					4D02B2E42ABD69AC0032F011 = {
						CreatedOnToolsVersion = 14.3;
						TestTargetID = 4D02B2D42ABD69AA0032F011;
					};
					4D02B2EE2ABD69AC0032F011 = {
						CreatedOnToolsVersion = 14.3;
						TestTargetID = 4D02B2D42ABD69AA0032F011;
					};
				};
			};
			buildConfigurationList = 4D02B2D02ABD69AA0032F011 /* Build configuration list for PBXProject "RemindMe" */;
			compatibilityVersion = "Xcode 14.0";
			developmentRegion = en;
			hasScannedForEncodings = 0;
			knownRegions = (
				en,
				Base,
			);
			mainGroup = 4D02B2CC2ABD69AA0032F011;
			packageReferences = (
				4D02B30A2ABD6E370032F011 /* XCRemoteSwiftPackageReference "Resolver" */,
				4DFAD0222ACDCBC700C78561 /* XCRemoteSwiftPackageReference "Swinject" */,
			);
			productRefGroup = 4D02B2D62ABD69AA0032F011 /* Products */;
			projectDirPath = "";
			projectRoot = "";
			targets = (
				4D02B2D42ABD69AA0032F011 /* RemindMe */,
				4D02B2E42ABD69AC0032F011 /* RemindMeTests */,
				4D02B2EE2ABD69AC0032F011 /* RemindMeUITests */,
			);
		};
/* End PBXProject section */

/* Begin PBXResourcesBuildPhase section */
		4D02B2D32ABD69AA0032F011 /* Resources */ = {
			isa = PBXResourcesBuildPhase;
			buildActionMask = 2147483647;
			files = (
				4D02B2E02ABD69AC0032F011 /* Preview Assets.xcassets in Resources */,
				4D02B2DD2ABD69AC0032F011 /* Assets.xcassets in Resources */,
			);
			runOnlyForDeploymentPostprocessing = 0;
		};
		4D02B2E32ABD69AC0032F011 /* Resources */ = {
			isa = PBXResourcesBuildPhase;
			buildActionMask = 2147483647;
			files = (
			);
			runOnlyForDeploymentPostprocessing = 0;
		};
		4D02B2ED2ABD69AC0032F011 /* Resources */ = {
			isa = PBXResourcesBuildPhase;
			buildActionMask = 2147483647;
			files = (
			);
			runOnlyForDeploymentPostprocessing = 0;
		};
/* End PBXResourcesBuildPhase section */

/* Begin PBXSourcesBuildPhase section */
		4D02B2D12ABD69AA0032F011 /* Sources */ = {
			isa = PBXSourcesBuildPhase;
			buildActionMask = 2147483647;
			files = (
				4DBF52B72ACC1CE300F0CADF /* MonthlyInterval.swift in Sources */,
				4DBF52B92ACC1CEF00F0CADF /* DailyInterval.swift in Sources */,
				4DBF52CA2ACC3DCE00F0CADF /* OnceInterval.swift in Sources */,
				4D02B3072ABD6A830032F011 /* RemindMeProtocol.swift in Sources */,
				4DC153F12ACC0AA100DFC063 /* Color+.swift in Sources */,
				4DDCA6D02ACFDEE900FE9148 /* ListSchoolView.swift in Sources */,
				4DBF52B52ACC1C1D00F0CADF /* IntervalProtocol.swift in Sources */,
				4D0DC8892AD3E7E200DDC5EC /* UpdateStudentView.swift in Sources */,
				4D3373822ACD9C0E009F1DB1 /* ListReminderViewModel.swift in Sources */,
				4D383A2B2ACEC66C00E0B99A /* SchoolPersistenceManager.swift in Sources */,
				4DBF52C62ACC2E3A00F0CADF /* IntervalSection.swift in Sources */,
				4D3373782ACD5E94009F1DB1 /* PersistenceError.swift in Sources */,
				4D383A252ACEC57C00E0B99A /* ListSchoolViewModel.swift in Sources */,
				4DFE0EA62ACEBFE2002BF525 /* InsertStudentView.swift in Sources */,
				4D02B30F2ABD6E9C0032F011 /* RepeatIntervals.swift in Sources */,
				4DFE0EB12ACEC363002BF525 /* ListStudentView.swift in Sources */,
				4D09335D2ACD498E00539DA9 /* PillShapedButton.swift in Sources */,
				4D3373802ACD9BFC009F1DB1 /* ListReminderView.swift in Sources */,
				4DC153EE2ACC0A7300DFC063 /* ReminderStatsView.swift in Sources */,
				4DFE0EA42ACEBE1C002BF525 /* BaseViewModel.swift in Sources */,
				4DFAD0272ACDCC4300C78561 /* Resolver.swift in Sources */,
				4DDCA6D22ACFDEFC00FE9148 /* InsertSchoolView.swift in Sources */,
				4DFAD01E2ACDC23700C78561 /* BasePersistenceManager.swift in Sources */,
				4D02B2DB2ABD69AA0032F011 /* ContentView.swift in Sources */,
				4DFAD0252ACDCBED00C78561 /* ContainerBuilder.swift in Sources */,
				4D383A292ACEC63C00E0B99A /* InsertSchoolViewModel.swift in Sources */,
				4DFE0EA82ACEC031002BF525 /* InsertStudentViewModel.swift in Sources */,
				4DFE0EAA2ACEC08D002BF525 /* StudentModel.swift in Sources */,
				4DFAD0212ACDC75600C78561 /* ReminderPersistenceManager.swift in Sources */,
				4DFE0EB32ACEC38F002BF525 /* ListStudentViewModel.swift in Sources */,
				4DFE0EAC2ACEC13E002BF525 /* StudentPersistenceManager.swift in Sources */,
				4DBF52CC2ACC40A500F0CADF /* IntervalItemSelectionView.swift in Sources */,
				4DFE0EA02ACE876B002BF525 /* Inject.swift in Sources */,
				4D0DC88B2AD3E82700DDC5EC /* UpdateStudentViewModel.swift in Sources */,
				4DBF52BB2ACC1F4F00F0CADF /* EventError.swift in Sources */,
				4D02B2D92ABD69AA0032F011 /* RemindMeApp.swift in Sources */,
				4D33737E2ACD92F6009F1DB1 /* PersistentProtocol.swift in Sources */,
				4DBF52BD2ACC208E00F0CADF /* Date+.swift in Sources */,
				4DDE30EE2ACFFA6C00198FE0 /* String+.swift in Sources */,
				4D76E22E2ACBEFFE009BAC93 /* ReminderModel.swift in Sources */,
				4DBF52C42ACC297500F0CADF /* InsertReminderViewModel.swift in Sources */,
				4DBF52C82ACC33E100F0CADF /* IntervalItem.swift in Sources */,
				4D383A272ACEC59200E0B99A /* SchoolModel.swift in Sources */,
				4DBF52BF2ACC265600F0CADF /* InsertReminderView.swift in Sources */,
				4DFE0EAF2ACEC24A002BF525 /* Constants.swift in Sources */,
			);
			runOnlyForDeploymentPostprocessing = 0;
		};
		4D02B2E12ABD69AC0032F011 /* Sources */ = {
			isa = PBXSourcesBuildPhase;
			buildActionMask = 2147483647;
			files = (
				4D2B20802AD5282A0045760C /* IntervalProtocol.swift in Sources */,
				4D2B207F2AD5281F0045760C /* RepeatIntervals.swift in Sources */,
				4D2B20722AD5279E0045760C /* BasePersistenceManager.swift in Sources */,
				4D2B20742AD527A40045760C /* StudentPersistenceManager.swift in Sources */,
				4D2B20752AD527A70045760C /* SchoolPersistenceManager.swift in Sources */,
				4D2B20762AD527B00045760C /* BaseViewModel.swift in Sources */,
				4D2B206C2AD5276F0045760C /* Inject.swift in Sources */,
				4D2B20842AD528740045760C /* OnceInterval.swift in Sources */,
				4D2B207D2AD527C90045760C /* ListSchoolViewModel.swift in Sources */,
				4D2B20702AD527950045760C /* IntervalItem.swift in Sources */,
				4D2B206E2AD5278C0045760C /* StudentModel.swift in Sources */,
				4D2B206B2AD5276B0045760C /* Resolver.swift in Sources */,
				4D2B20732AD527A10045760C /* ReminderPersistenceManager.swift in Sources */,
				4D2B206D2AD5278A0045760C /* ReminderModel.swift in Sources */,
				4D2B206F2AD527900045760C /* SchoolModel.swift in Sources */,
				4D2B20822AD5285B0045760C /* DailyInterval.swift in Sources */,
				4D2B207A2AD527BF0045760C /* InsertSchoolViewModel.swift in Sources */,
				4D2B207C2AD527C60045760C /* ListStudentViewModel.swift in Sources */,
				4D2B20792AD527BC0045760C /* InsertStudentViewModel.swift in Sources */,
				4D2B207B2AD527C30045760C /* ListReminderViewModel.swift in Sources */,
				4D2B20812AD528490045760C /* PersistenceError.swift in Sources */,
				4D2B20712AD527980045760C /* IntervalSection.swift in Sources */,
				4D2B20832AD5286E0045760C /* MonthlyInterval.swift in Sources */,
				4D02B2EA2ABD69AC0032F011 /* StudentPersistenceManagerTests.swift in Sources */,
				4D2B207E2AD528180045760C /* PersistentProtocol.swift in Sources */,
				4D2B20772AD527B40045760C /* UpdateStudentViewModel.swift in Sources */,
				4D2B206A2AD527670045760C /* ContainerBuilder.swift in Sources */,
				4D2B20782AD527B80045760C /* InsertReminderViewModel.swift in Sources */,
			);
			runOnlyForDeploymentPostprocessing = 0;
		};
		4D02B2EB2ABD69AC0032F011 /* Sources */ = {
			isa = PBXSourcesBuildPhase;
			buildActionMask = 2147483647;
			files = (
				4D02B2F62ABD69AC0032F011 /* RemindMeUITestsLaunchTests.swift in Sources */,
				4D02B2F42ABD69AC0032F011 /* RemindMeUITests.swift in Sources */,
			);
			runOnlyForDeploymentPostprocessing = 0;
		};
/* End PBXSourcesBuildPhase section */

/* Begin PBXTargetDependency section */
		4D02B2E72ABD69AC0032F011 /* PBXTargetDependency */ = {
			isa = PBXTargetDependency;
			target = 4D02B2D42ABD69AA0032F011 /* RemindMe */;
			targetProxy = 4D02B2E62ABD69AC0032F011 /* PBXContainerItemProxy */;
		};
		4D02B2F12ABD69AC0032F011 /* PBXTargetDependency */ = {
			isa = PBXTargetDependency;
			target = 4D02B2D42ABD69AA0032F011 /* RemindMe */;
			targetProxy = 4D02B2F02ABD69AC0032F011 /* PBXContainerItemProxy */;
		};
/* End PBXTargetDependency section */

/* Begin XCBuildConfiguration section */
		4D02B2F72ABD69AC0032F011 /* Debug */ = {
			isa = XCBuildConfiguration;
			buildSettings = {
				ALWAYS_SEARCH_USER_PATHS = NO;
				CLANG_ANALYZER_NONNULL = YES;
				CLANG_ANALYZER_NUMBER_OBJECT_CONVERSION = YES_AGGRESSIVE;
				CLANG_CXX_LANGUAGE_STANDARD = "gnu++20";
				CLANG_ENABLE_MODULES = YES;
				CLANG_ENABLE_OBJC_ARC = YES;
				CLANG_ENABLE_OBJC_WEAK = YES;
				CLANG_WARN_BLOCK_CAPTURE_AUTORELEASING = YES;
				CLANG_WARN_BOOL_CONVERSION = YES;
				CLANG_WARN_COMMA = YES;
				CLANG_WARN_CONSTANT_CONVERSION = YES;
				CLANG_WARN_DEPRECATED_OBJC_IMPLEMENTATIONS = YES;
				CLANG_WARN_DIRECT_OBJC_ISA_USAGE = YES_ERROR;
				CLANG_WARN_DOCUMENTATION_COMMENTS = YES;
				CLANG_WARN_EMPTY_BODY = YES;
				CLANG_WARN_ENUM_CONVERSION = YES;
				CLANG_WARN_INFINITE_RECURSION = YES;
				CLANG_WARN_INT_CONVERSION = YES;
				CLANG_WARN_NON_LITERAL_NULL_CONVERSION = YES;
				CLANG_WARN_OBJC_IMPLICIT_RETAIN_SELF = YES;
				CLANG_WARN_OBJC_LITERAL_CONVERSION = YES;
				CLANG_WARN_OBJC_ROOT_CLASS = YES_ERROR;
				CLANG_WARN_QUOTED_INCLUDE_IN_FRAMEWORK_HEADER = YES;
				CLANG_WARN_RANGE_LOOP_ANALYSIS = YES;
				CLANG_WARN_STRICT_PROTOTYPES = YES;
				CLANG_WARN_SUSPICIOUS_MOVE = YES;
				CLANG_WARN_UNGUARDED_AVAILABILITY = YES_AGGRESSIVE;
				CLANG_WARN_UNREACHABLE_CODE = YES;
				CLANG_WARN__DUPLICATE_METHOD_MATCH = YES;
				COPY_PHASE_STRIP = NO;
				DEBUG_INFORMATION_FORMAT = dwarf;
				ENABLE_STRICT_OBJC_MSGSEND = YES;
				ENABLE_TESTABILITY = YES;
				GCC_C_LANGUAGE_STANDARD = gnu11;
				GCC_DYNAMIC_NO_PIC = NO;
				GCC_NO_COMMON_BLOCKS = YES;
				GCC_OPTIMIZATION_LEVEL = 0;
				GCC_PREPROCESSOR_DEFINITIONS = (
					"DEBUG=1",
					"$(inherited)",
				);
				GCC_WARN_64_TO_32_BIT_CONVERSION = YES;
				GCC_WARN_ABOUT_RETURN_TYPE = YES_ERROR;
				GCC_WARN_UNDECLARED_SELECTOR = YES;
				GCC_WARN_UNINITIALIZED_AUTOS = YES_AGGRESSIVE;
				GCC_WARN_UNUSED_FUNCTION = YES;
				GCC_WARN_UNUSED_VARIABLE = YES;
				IPHONEOS_DEPLOYMENT_TARGET = 17.0;
				MTL_ENABLE_DEBUG_INFO = INCLUDE_SOURCE;
				MTL_FAST_MATH = YES;
				ONLY_ACTIVE_ARCH = YES;
				SDKROOT = iphoneos;
				SWIFT_ACTIVE_COMPILATION_CONDITIONS = DEBUG;
				SWIFT_OPTIMIZATION_LEVEL = "-Onone";
			};
			name = Debug;
		};
		4D02B2F82ABD69AC0032F011 /* Release */ = {
			isa = XCBuildConfiguration;
			buildSettings = {
				ALWAYS_SEARCH_USER_PATHS = NO;
				CLANG_ANALYZER_NONNULL = YES;
				CLANG_ANALYZER_NUMBER_OBJECT_CONVERSION = YES_AGGRESSIVE;
				CLANG_CXX_LANGUAGE_STANDARD = "gnu++20";
				CLANG_ENABLE_MODULES = YES;
				CLANG_ENABLE_OBJC_ARC = YES;
				CLANG_ENABLE_OBJC_WEAK = YES;
				CLANG_WARN_BLOCK_CAPTURE_AUTORELEASING = YES;
				CLANG_WARN_BOOL_CONVERSION = YES;
				CLANG_WARN_COMMA = YES;
				CLANG_WARN_CONSTANT_CONVERSION = YES;
				CLANG_WARN_DEPRECATED_OBJC_IMPLEMENTATIONS = YES;
				CLANG_WARN_DIRECT_OBJC_ISA_USAGE = YES_ERROR;
				CLANG_WARN_DOCUMENTATION_COMMENTS = YES;
				CLANG_WARN_EMPTY_BODY = YES;
				CLANG_WARN_ENUM_CONVERSION = YES;
				CLANG_WARN_INFINITE_RECURSION = YES;
				CLANG_WARN_INT_CONVERSION = YES;
				CLANG_WARN_NON_LITERAL_NULL_CONVERSION = YES;
				CLANG_WARN_OBJC_IMPLICIT_RETAIN_SELF = YES;
				CLANG_WARN_OBJC_LITERAL_CONVERSION = YES;
				CLANG_WARN_OBJC_ROOT_CLASS = YES_ERROR;
				CLANG_WARN_QUOTED_INCLUDE_IN_FRAMEWORK_HEADER = YES;
				CLANG_WARN_RANGE_LOOP_ANALYSIS = YES;
				CLANG_WARN_STRICT_PROTOTYPES = YES;
				CLANG_WARN_SUSPICIOUS_MOVE = YES;
				CLANG_WARN_UNGUARDED_AVAILABILITY = YES_AGGRESSIVE;
				CLANG_WARN_UNREACHABLE_CODE = YES;
				CLANG_WARN__DUPLICATE_METHOD_MATCH = YES;
				COPY_PHASE_STRIP = NO;
				DEBUG_INFORMATION_FORMAT = "dwarf-with-dsym";
				ENABLE_NS_ASSERTIONS = NO;
				ENABLE_STRICT_OBJC_MSGSEND = YES;
				GCC_C_LANGUAGE_STANDARD = gnu11;
				GCC_NO_COMMON_BLOCKS = YES;
				GCC_WARN_64_TO_32_BIT_CONVERSION = YES;
				GCC_WARN_ABOUT_RETURN_TYPE = YES_ERROR;
				GCC_WARN_UNDECLARED_SELECTOR = YES;
				GCC_WARN_UNINITIALIZED_AUTOS = YES_AGGRESSIVE;
				GCC_WARN_UNUSED_FUNCTION = YES;
				GCC_WARN_UNUSED_VARIABLE = YES;
				IPHONEOS_DEPLOYMENT_TARGET = 17.0;
				MTL_ENABLE_DEBUG_INFO = NO;
				MTL_FAST_MATH = YES;
				SDKROOT = iphoneos;
				SWIFT_COMPILATION_MODE = wholemodule;
				SWIFT_OPTIMIZATION_LEVEL = "-O";
				VALIDATE_PRODUCT = YES;
			};
			name = Release;
		};
		4D02B2FA2ABD69AC0032F011 /* Debug */ = {
			isa = XCBuildConfiguration;
			buildSettings = {
				ASSETCATALOG_COMPILER_APPICON_NAME = AppIcon;
				ASSETCATALOG_COMPILER_GLOBAL_ACCENT_COLOR_NAME = AccentColor;
				CODE_SIGN_IDENTITY = "Apple Development";
				CODE_SIGN_STYLE = Automatic;
				CURRENT_PROJECT_VERSION = 1;
				DEVELOPMENT_ASSET_PATHS = "\"RemindMe/Preview Content\"";
				DEVELOPMENT_TEAM = ET37P8CM79;
				ENABLE_PREVIEWS = YES;
				GENERATE_INFOPLIST_FILE = YES;
				INFOPLIST_KEY_UIApplicationSceneManifest_Generation = YES;
				INFOPLIST_KEY_UIApplicationSupportsIndirectInputEvents = YES;
				INFOPLIST_KEY_UILaunchScreen_Generation = YES;
				INFOPLIST_KEY_UISupportedInterfaceOrientations_iPad = "UIInterfaceOrientationPortrait UIInterfaceOrientationPortraitUpsideDown UIInterfaceOrientationLandscapeLeft UIInterfaceOrientationLandscapeRight";
				INFOPLIST_KEY_UISupportedInterfaceOrientations_iPhone = "UIInterfaceOrientationPortrait UIInterfaceOrientationLandscapeLeft UIInterfaceOrientationLandscapeRight";
				LD_RUNPATH_SEARCH_PATHS = (
					"$(inherited)",
					"@executable_path/Frameworks",
				);
				MARKETING_VERSION = 1.0;
				PRODUCT_BUNDLE_IDENTIFIER = com.iremtosun.RemindMe;
				PRODUCT_NAME = "$(TARGET_NAME)";
				PROVISIONING_PROFILE_SPECIFIER = "";
				SWIFT_EMIT_LOC_STRINGS = YES;
				SWIFT_VERSION = 5.0;
				TARGETED_DEVICE_FAMILY = "1,2";
			};
			name = Debug;
		};
		4D02B2FB2ABD69AC0032F011 /* Release */ = {
			isa = XCBuildConfiguration;
			buildSettings = {
				ASSETCATALOG_COMPILER_APPICON_NAME = AppIcon;
				ASSETCATALOG_COMPILER_GLOBAL_ACCENT_COLOR_NAME = AccentColor;
				CODE_SIGN_IDENTITY = "Apple Development";
				CODE_SIGN_STYLE = Automatic;
				CURRENT_PROJECT_VERSION = 1;
				DEVELOPMENT_ASSET_PATHS = "\"RemindMe/Preview Content\"";
				DEVELOPMENT_TEAM = ET37P8CM79;
				ENABLE_PREVIEWS = YES;
				GENERATE_INFOPLIST_FILE = YES;
				INFOPLIST_KEY_UIApplicationSceneManifest_Generation = YES;
				INFOPLIST_KEY_UIApplicationSupportsIndirectInputEvents = YES;
				INFOPLIST_KEY_UILaunchScreen_Generation = YES;
				INFOPLIST_KEY_UISupportedInterfaceOrientations_iPad = "UIInterfaceOrientationPortrait UIInterfaceOrientationPortraitUpsideDown UIInterfaceOrientationLandscapeLeft UIInterfaceOrientationLandscapeRight";
				INFOPLIST_KEY_UISupportedInterfaceOrientations_iPhone = "UIInterfaceOrientationPortrait UIInterfaceOrientationLandscapeLeft UIInterfaceOrientationLandscapeRight";
				LD_RUNPATH_SEARCH_PATHS = (
					"$(inherited)",
					"@executable_path/Frameworks",
				);
				MARKETING_VERSION = 1.0;
				PRODUCT_BUNDLE_IDENTIFIER = com.iremtosun.RemindMe;
				PRODUCT_NAME = "$(TARGET_NAME)";
				PROVISIONING_PROFILE_SPECIFIER = "";
				SWIFT_EMIT_LOC_STRINGS = YES;
				SWIFT_VERSION = 5.0;
				TARGETED_DEVICE_FAMILY = "1,2";
			};
			name = Release;
		};
		4D02B2FD2ABD69AC0032F011 /* Debug */ = {
			isa = XCBuildConfiguration;
			buildSettings = {
				ALWAYS_EMBED_SWIFT_STANDARD_LIBRARIES = YES;
				BUNDLE_LOADER = "$(TEST_HOST)";
				CODE_SIGN_STYLE = Automatic;
				CURRENT_PROJECT_VERSION = 1;
				DEVELOPMENT_TEAM = ET37P8CM79;
				GENERATE_INFOPLIST_FILE = YES;
				IPHONEOS_DEPLOYMENT_TARGET = 17.0;
				MARKETING_VERSION = 1.0;
				PRODUCT_BUNDLE_IDENTIFIER = com.iremtosun.RemindMeTests;
				PRODUCT_NAME = "$(TARGET_NAME)";
				SWIFT_EMIT_LOC_STRINGS = NO;
				SWIFT_VERSION = 5.0;
				TARGETED_DEVICE_FAMILY = "1,2";
				TEST_HOST = "$(BUILT_PRODUCTS_DIR)/RemindMe.app/$(BUNDLE_EXECUTABLE_FOLDER_PATH)/RemindMe";
			};
			name = Debug;
		};
		4D02B2FE2ABD69AC0032F011 /* Release */ = {
			isa = XCBuildConfiguration;
			buildSettings = {
				ALWAYS_EMBED_SWIFT_STANDARD_LIBRARIES = YES;
				BUNDLE_LOADER = "$(TEST_HOST)";
				CODE_SIGN_STYLE = Automatic;
				CURRENT_PROJECT_VERSION = 1;
				DEVELOPMENT_TEAM = ET37P8CM79;
				GENERATE_INFOPLIST_FILE = YES;
				IPHONEOS_DEPLOYMENT_TARGET = 17.0;
				MARKETING_VERSION = 1.0;
				PRODUCT_BUNDLE_IDENTIFIER = com.iremtosun.RemindMeTests;
				PRODUCT_NAME = "$(TARGET_NAME)";
				SWIFT_EMIT_LOC_STRINGS = NO;
				SWIFT_VERSION = 5.0;
				TARGETED_DEVICE_FAMILY = "1,2";
				TEST_HOST = "$(BUILT_PRODUCTS_DIR)/RemindMe.app/$(BUNDLE_EXECUTABLE_FOLDER_PATH)/RemindMe";
			};
			name = Release;
		};
		4D02B3002ABD69AC0032F011 /* Debug */ = {
			isa = XCBuildConfiguration;
			buildSettings = {
				ALWAYS_EMBED_SWIFT_STANDARD_LIBRARIES = YES;
				CODE_SIGN_STYLE = Automatic;
				CURRENT_PROJECT_VERSION = 1;
				DEVELOPMENT_TEAM = ET37P8CM79;
				GENERATE_INFOPLIST_FILE = YES;
				MARKETING_VERSION = 1.0;
				PRODUCT_BUNDLE_IDENTIFIER = com.iremtosun.RemindMeUITests;
				PRODUCT_NAME = "$(TARGET_NAME)";
				SWIFT_EMIT_LOC_STRINGS = NO;
				SWIFT_VERSION = 5.0;
				TARGETED_DEVICE_FAMILY = "1,2";
				TEST_TARGET_NAME = RemindMe;
			};
			name = Debug;
		};
		4D02B3012ABD69AC0032F011 /* Release */ = {
			isa = XCBuildConfiguration;
			buildSettings = {
				ALWAYS_EMBED_SWIFT_STANDARD_LIBRARIES = YES;
				CODE_SIGN_STYLE = Automatic;
				CURRENT_PROJECT_VERSION = 1;
				DEVELOPMENT_TEAM = ET37P8CM79;
				GENERATE_INFOPLIST_FILE = YES;
				MARKETING_VERSION = 1.0;
				PRODUCT_BUNDLE_IDENTIFIER = com.iremtosun.RemindMeUITests;
				PRODUCT_NAME = "$(TARGET_NAME)";
				SWIFT_EMIT_LOC_STRINGS = NO;
				SWIFT_VERSION = 5.0;
				TARGETED_DEVICE_FAMILY = "1,2";
				TEST_TARGET_NAME = RemindMe;
			};
			name = Release;
		};
/* End XCBuildConfiguration section */

/* Begin XCConfigurationList section */
		4D02B2D02ABD69AA0032F011 /* Build configuration list for PBXProject "RemindMe" */ = {
			isa = XCConfigurationList;
			buildConfigurations = (
				4D02B2F72ABD69AC0032F011 /* Debug */,
				4D02B2F82ABD69AC0032F011 /* Release */,
			);
			defaultConfigurationIsVisible = 0;
			defaultConfigurationName = Release;
		};
		4D02B2F92ABD69AC0032F011 /* Build configuration list for PBXNativeTarget "RemindMe" */ = {
			isa = XCConfigurationList;
			buildConfigurations = (
				4D02B2FA2ABD69AC0032F011 /* Debug */,
				4D02B2FB2ABD69AC0032F011 /* Release */,
			);
			defaultConfigurationIsVisible = 0;
			defaultConfigurationName = Release;
		};
		4D02B2FC2ABD69AC0032F011 /* Build configuration list for PBXNativeTarget "RemindMeTests" */ = {
			isa = XCConfigurationList;
			buildConfigurations = (
				4D02B2FD2ABD69AC0032F011 /* Debug */,
				4D02B2FE2ABD69AC0032F011 /* Release */,
			);
			defaultConfigurationIsVisible = 0;
			defaultConfigurationName = Release;
		};
		4D02B2FF2ABD69AC0032F011 /* Build configuration list for PBXNativeTarget "RemindMeUITests" */ = {
			isa = XCConfigurationList;
			buildConfigurations = (
				4D02B3002ABD69AC0032F011 /* Debug */,
				4D02B3012ABD69AC0032F011 /* Release */,
			);
			defaultConfigurationIsVisible = 0;
			defaultConfigurationName = Release;
		};
/* End XCConfigurationList section */

/* Begin XCRemoteSwiftPackageReference section */
		4D02B30A2ABD6E370032F011 /* XCRemoteSwiftPackageReference "Resolver" */ = {
			isa = XCRemoteSwiftPackageReference;
			repositoryURL = "https://github.com/hmlongco/Resolver";
			requirement = {
				kind = upToNextMajorVersion;
				minimumVersion = 1.0.0;
			};
		};
		4DFAD0222ACDCBC700C78561 /* XCRemoteSwiftPackageReference "Swinject" */ = {
			isa = XCRemoteSwiftPackageReference;
			repositoryURL = "https://github.com/Swinject/Swinject.git";
			requirement = {
				kind = upToNextMajorVersion;
				minimumVersion = 2.8.4;
			};
		};
/* End XCRemoteSwiftPackageReference section */

/* Begin XCSwiftPackageProductDependency section */
		4D02B30B2ABD6E370032F011 /* Resolver */ = {
			isa = XCSwiftPackageProductDependency;
			package = 4D02B30A2ABD6E370032F011 /* XCRemoteSwiftPackageReference "Resolver" */;
			productName = Resolver;
		};
		4DFE0EA12ACE8796002BF525 /* Swinject */ = {
			isa = XCSwiftPackageProductDependency;
			package = 4DFAD0222ACDCBC700C78561 /* XCRemoteSwiftPackageReference "Swinject" */;
			productName = Swinject;
		};
/* End XCSwiftPackageProductDependency section */
	};
	rootObject = 4D02B2CD2ABD69AA0032F011 /* Project object */;
}
